
Microsoft Visual Studio Solution File, Format Version 12.00
# Visual Studio 2012
Project("{8BC9CEB8-8B4A-11D0-8D11-00A0C91BC942}") = "c++", "c++\c++.vcxproj", "{D10AAF33-3546-45D6-9154-95F0D7A5865B}"
EndProject
Global
	GlobalSection(SolutionConfigurationPlatforms) = preSolution
		Debug|Win32 = Debug|Win32
		Release|Win32 = Release|Win32
	EndGlobalSection
	GlobalSection(ProjectConfigurationPlatforms) = postSolution
		{D10AAF33-3546-45D6-9154-95F0D7A5865B}.Debug|Win32.ActiveCfg = Debug|Win32
		{D10AAF33-3546-45D6-9154-95F0D7A5865B}.Debug|Win32.Build.0 = Debug|Win32
		{D10AAF33-3546-45D6-9154-95F0D7A5865B}.Release|Win32.ActiveCfg = Release|Win32
		{D10AAF33-3546-45D6-9154-95F0D7A5865B}.Release|Win32.Build.0 = Release|Win32
	EndGlobalSection
	GlobalSection(SolutionProperties) = preSolution
		HideSolutionNode = FALSE
	EndGlobalSection
EndGlobal
